
Microsoft Visual Studio Solution File, Format Version 11.00
# Visual Studio 2010
Project("{FAE04EC0-301F-11D3-BF4B-00C04F79EFBC}") = "FreemiumUtilities.Infrastructure", "FreemiumUtilities.Infrastructure\FreemiumUtilities.Infrastructure.csproj", "{A98D8752-DCD1-4EDF-B0B5-3E90351050AF}"
EndProject
Project("{FAE04EC0-301F-11D3-BF4B-00C04F79EFBC}") = "FreemiumUtilities.StartupManager", "FreemiumUtilities.StartupManager\FreemiumUtilities.StartupManager.csproj", "{375A58EF-E2A8-41A1-94DD-4FE644219FD1}"
EndProject
Project("{FAE04EC0-301F-11D3-BF4B-00C04F79EFBC}") = "FreemiumUtilities.TempCleaner", "FreemiumUtilities.TempCleaner\FreemiumUtilities.TempCleaner.csproj", "{E4885A39-64CE-4952-AFD5-0C72240AB27C}"
EndProject
Project("{FAE04EC0-301F-11D3-BF4B-00C04F79EFBC}") = "FreemiumUtilities.RegCleaner", "FreemiumUtilities.RegCleaner\FreemiumUtilities.RegCleaner.csproj", "{5CAA16A7-B9D5-41D1-AD1F-4DA4704176A2}"
EndProject
Project("{FAE04EC0-301F-11D3-BF4B-00C04F79EFBC}") = "Knots.CleanUp.DiskCleaner", "Knots\Clean Up And Manage\Disk Cleaner\Knots.CleanUp.DiskCleaner.csproj", "{C0E8BAA1-FD36-493A-AB3B-6C4C42A2E066}"
EndProject
Project("{FAE04EC0-301F-11D3-BF4B-00C04F79EFBC}") = "Knots.Performance.StartupManager", "Knots\Improve Performance\Startup Manager\Knots.Performance.StartupManager.csproj", "{D70269D0-DC20-43D5-86D1-A87894523337}"
EndProject
Project("{FAE04EC0-301F-11D3-BF4B-00C04F79EFBC}") = "Knots.Performance.RegistryCleaner", "Knots\Improve Performance\Registry Cleaner\Knots.Performance.RegistryCleaner.csproj", "{E9C048F5-8E21-4721-9B55-E6FF332B6C51}"
EndProject
Project("{FAE04EC0-301F-11D3-BF4B-00C04F79EFBC}") = "FreemiumUtil", "FreemiumUtil\FreemiumUtil.csproj", "{BAE70997-B37E-4FC6-A605-17967A89B7F9}"
EndProject
Project("{FAE04EC0-301F-11D3-BF4B-00C04F79EFBC}") = "Knots.Performance.RegistryCompactor", "Knots\Improve Performance\Registry Compactor\Knots.Performance.RegistryCompactor.csproj", "{3292A9F4-72EE-4BA9-B1B5-81F5928EE327}"
EndProject
Project("{FAE04EC0-301F-11D3-BF4B-00C04F79EFBC}") = "Knots.Performance.RegistryCleanerCore", "Knots\Improve Performance\Registry Cleaner Core\Knots.Performance.RegistryCleanerCore.csproj", "{FF431EF5-47E4-43A2-B7A9-FF0939C688E5}"
EndProject
Project("{FAE04EC0-301F-11D3-BF4B-00C04F79EFBC}") = "FreemiumUtilities.Context", "FreemiumUtilities.Context\FreemiumUtilities.Context.csproj", "{2AF3F14E-A183-44D4-A994-C8795A33E874}"
EndProject
Project("{FAE04EC0-301F-11D3-BF4B-00C04F79EFBC}") = "GameBooster", "GameBooster\GameBooster.csproj", "{0D9542F5-0E0D-4F7E-BB6C-6803DAC2D838}"
EndProject
Project("{FAE04EC0-301F-11D3-BF4B-00C04F79EFBC}") = "Knots.SystemInformation", "Knots\System Information\Knots.SystemInformation.csproj", "{D21BFE21-20EB-48B8-BA66-9B7F639DFF95}"
EndProject
Project("{FAE04EC0-301F-11D3-BF4B-00C04F79EFBC}") = "Knots.Performance.ProcessManager", "Knots\Improve Performance\Process Manager\Knots.Performance.ProcessManager.csproj", "{8C4BCD19-B00A-4C79-84F5-E474E7204FB7}"
EndProject
Project("{FAE04EC0-301F-11D3-BF4B-00C04F79EFBC}") = "Knots.Performance.WindowsStandardTools", "Knots\Improve Performance\Windows Standard Tools\Knots.Performance.WindowsStandardTools.csproj", "{DD71F98A-B510-4A5E-A77A-377CB0DE840F}"
EndProject
Project("{FAE04EC0-301F-11D3-BF4B-00C04F79EFBC}") = "Knots.Performance.MemoryOptimizer", "Knots\Improve Performance\Memory Optimizer\Knots.Performance.MemoryOptimizer.csproj", "{DCCEEBA8-B0DE-4401-A8EC-54178C505B68}"
EndProject
Global
	GlobalSection(SolutionConfigurationPlatforms) = preSolution
		Debug|Any CPU = Debug|Any CPU
		Debug|Mixed Platforms = Debug|Mixed Platforms
		Debug|x64 = Debug|x64
		Debug|x86 = Debug|x86
		Release|Any CPU = Release|Any CPU
		Release|Mixed Platforms = Release|Mixed Platforms
		Release|x64 = Release|x64
		Release|x86 = Release|x86
	EndGlobalSection
	GlobalSection(ProjectConfigurationPlatforms) = postSolution
		{A98D8752-DCD1-4EDF-B0B5-3E90351050AF}.Debug|Any CPU.ActiveCfg = Debug|Any CPU
		{A98D8752-DCD1-4EDF-B0B5-3E90351050AF}.Debug|Any CPU.Build.0 = Debug|Any CPU
		{A98D8752-DCD1-4EDF-B0B5-3E90351050AF}.Debug|Mixed Platforms.ActiveCfg = Debug|Any CPU
		{A98D8752-DCD1-4EDF-B0B5-3E90351050AF}.Debug|Mixed Platforms.Build.0 = Debug|Any CPU
		{A98D8752-DCD1-4EDF-B0B5-3E90351050AF}.Debug|x64.ActiveCfg = Debug|Any CPU
		{A98D8752-DCD1-4EDF-B0B5-3E90351050AF}.Debug|x86.ActiveCfg = Debug|Any CPU
		{A98D8752-DCD1-4EDF-B0B5-3E90351050AF}.Release|Any CPU.ActiveCfg = Release|Any CPU
		{A98D8752-DCD1-4EDF-B0B5-3E90351050AF}.Release|Any CPU.Build.0 = Release|Any CPU
		{A98D8752-DCD1-4EDF-B0B5-3E90351050AF}.Release|Mixed Platforms.ActiveCfg = Release|Any CPU
		{A98D8752-DCD1-4EDF-B0B5-3E90351050AF}.Release|Mixed Platforms.Build.0 = Release|Any CPU
		{A98D8752-DCD1-4EDF-B0B5-3E90351050AF}.Release|x64.ActiveCfg = Release|Any CPU
		{A98D8752-DCD1-4EDF-B0B5-3E90351050AF}.Release|x86.ActiveCfg = Release|Any CPU
		{375A58EF-E2A8-41A1-94DD-4FE644219FD1}.Debug|Any CPU.ActiveCfg = Debug|Any CPU
		{375A58EF-E2A8-41A1-94DD-4FE644219FD1}.Debug|Any CPU.Build.0 = Debug|Any CPU
		{375A58EF-E2A8-41A1-94DD-4FE644219FD1}.Debug|Mixed Platforms.ActiveCfg = Debug|Any CPU
		{375A58EF-E2A8-41A1-94DD-4FE644219FD1}.Debug|Mixed Platforms.Build.0 = Debug|Any CPU
		{375A58EF-E2A8-41A1-94DD-4FE644219FD1}.Debug|x64.ActiveCfg = Debug|Any CPU
		{375A58EF-E2A8-41A1-94DD-4FE644219FD1}.Debug|x86.ActiveCfg = Debug|Any CPU
		{375A58EF-E2A8-41A1-94DD-4FE644219FD1}.Release|Any CPU.ActiveCfg = Release|Any CPU
		{375A58EF-E2A8-41A1-94DD-4FE644219FD1}.Release|Any CPU.Build.0 = Release|Any CPU
		{375A58EF-E2A8-41A1-94DD-4FE644219FD1}.Release|Mixed Platforms.ActiveCfg = Release|Any CPU
		{375A58EF-E2A8-41A1-94DD-4FE644219FD1}.Release|Mixed Platforms.Build.0 = Release|Any CPU
		{375A58EF-E2A8-41A1-94DD-4FE644219FD1}.Release|x64.ActiveCfg = Release|Any CPU
		{375A58EF-E2A8-41A1-94DD-4FE644219FD1}.Release|x86.ActiveCfg = Release|Any CPU
		{E4885A39-64CE-4952-AFD5-0C72240AB27C}.Debug|Any CPU.ActiveCfg = Debug|Any CPU
		{E4885A39-64CE-4952-AFD5-0C72240AB27C}.Debug|Any CPU.Build.0 = Debug|Any CPU
		{E4885A39-64CE-4952-AFD5-0C72240AB27C}.Debug|Mixed Platforms.ActiveCfg = Debug|Any CPU
		{E4885A39-64CE-4952-AFD5-0C72240AB27C}.Debug|Mixed Platforms.Build.0 = Debug|Any CPU
		{E4885A39-64CE-4952-AFD5-0C72240AB27C}.Debug|x64.ActiveCfg = Debug|Any CPU
		{E4885A39-64CE-4952-AFD5-0C72240AB27C}.Debug|x86.ActiveCfg = Debug|Any CPU
		{E4885A39-64CE-4952-AFD5-0C72240AB27C}.Release|Any CPU.ActiveCfg = Release|Any CPU
		{E4885A39-64CE-4952-AFD5-0C72240AB27C}.Release|Any CPU.Build.0 = Release|Any CPU
		{E4885A39-64CE-4952-AFD5-0C72240AB27C}.Release|Mixed Platforms.ActiveCfg = Release|Any CPU
		{E4885A39-64CE-4952-AFD5-0C72240AB27C}.Release|Mixed Platforms.Build.0 = Release|Any CPU
		{E4885A39-64CE-4952-AFD5-0C72240AB27C}.Release|x64.ActiveCfg = Release|Any CPU
		{E4885A39-64CE-4952-AFD5-0C72240AB27C}.Release|x86.ActiveCfg = Release|Any CPU
		{5CAA16A7-B9D5-41D1-AD1F-4DA4704176A2}.Debug|Any CPU.ActiveCfg = Debug|Any CPU
		{5CAA16A7-B9D5-41D1-AD1F-4DA4704176A2}.Debug|Any CPU.Build.0 = Debug|Any CPU
		{5CAA16A7-B9D5-41D1-AD1F-4DA4704176A2}.Debug|Mixed Platforms.ActiveCfg = Debug|Any CPU
		{5CAA16A7-B9D5-41D1-AD1F-4DA4704176A2}.Debug|Mixed Platforms.Build.0 = Debug|Any CPU
		{5CAA16A7-B9D5-41D1-AD1F-4DA4704176A2}.Debug|x64.ActiveCfg = Debug|Any CPU
		{5CAA16A7-B9D5-41D1-AD1F-4DA4704176A2}.Debug|x86.ActiveCfg = Debug|Any CPU
		{5CAA16A7-B9D5-41D1-AD1F-4DA4704176A2}.Release|Any CPU.ActiveCfg = Release|Any CPU
		{5CAA16A7-B9D5-41D1-AD1F-4DA4704176A2}.Release|Any CPU.Build.0 = Release|Any CPU
		{5CAA16A7-B9D5-41D1-AD1F-4DA4704176A2}.Release|Mixed Platforms.ActiveCfg = Release|Any CPU
		{5CAA16A7-B9D5-41D1-AD1F-4DA4704176A2}.Release|Mixed Platforms.Build.0 = Release|Any CPU
		{5CAA16A7-B9D5-41D1-AD1F-4DA4704176A2}.Release|x64.ActiveCfg = Release|Any CPU
		{5CAA16A7-B9D5-41D1-AD1F-4DA4704176A2}.Release|x86.ActiveCfg = Release|Any CPU
		{C0E8BAA1-FD36-493A-AB3B-6C4C42A2E066}.Debug|Any CPU.ActiveCfg = Debug|Any CPU
		{C0E8BAA1-FD36-493A-AB3B-6C4C42A2E066}.Debug|Any CPU.Build.0 = Debug|Any CPU
		{C0E8BAA1-FD36-493A-AB3B-6C4C42A2E066}.Debug|Mixed Platforms.ActiveCfg = Debug|Any CPU
		{C0E8BAA1-FD36-493A-AB3B-6C4C42A2E066}.Debug|Mixed Platforms.Build.0 = Debug|Any CPU
		{C0E8BAA1-FD36-493A-AB3B-6C4C42A2E066}.Debug|x64.ActiveCfg = Debug|x86
		{C0E8BAA1-FD36-493A-AB3B-6C4C42A2E066}.Debug|x86.ActiveCfg = Debug|x86
		{C0E8BAA1-FD36-493A-AB3B-6C4C42A2E066}.Debug|x86.Build.0 = Debug|x86
		{C0E8BAA1-FD36-493A-AB3B-6C4C42A2E066}.Release|Any CPU.ActiveCfg = Release|Any CPU
		{C0E8BAA1-FD36-493A-AB3B-6C4C42A2E066}.Release|Any CPU.Build.0 = Release|Any CPU
		{C0E8BAA1-FD36-493A-AB3B-6C4C42A2E066}.Release|Mixed Platforms.ActiveCfg = Release|Any CPU
		{C0E8BAA1-FD36-493A-AB3B-6C4C42A2E066}.Release|Mixed Platforms.Build.0 = Release|Any CPU
		{C0E8BAA1-FD36-493A-AB3B-6C4C42A2E066}.Release|x64.ActiveCfg = Release|x86
		{C0E8BAA1-FD36-493A-AB3B-6C4C42A2E066}.Release|x86.ActiveCfg = Release|x86
		{C0E8BAA1-FD36-493A-AB3B-6C4C42A2E066}.Release|x86.Build.0 = Release|x86
		{D70269D0-DC20-43D5-86D1-A87894523337}.Debug|Any CPU.ActiveCfg = Debug|Any CPU
		{D70269D0-DC20-43D5-86D1-A87894523337}.Debug|Any CPU.Build.0 = Debug|Any CPU
		{D70269D0-DC20-43D5-86D1-A87894523337}.Debug|Mixed Platforms.ActiveCfg = Debug|Any CPU
		{D70269D0-DC20-43D5-86D1-A87894523337}.Debug|Mixed Platforms.Build.0 = Debug|Any CPU
		{D70269D0-DC20-43D5-86D1-A87894523337}.Debug|x64.ActiveCfg = Debug|Any CPU
		{D70269D0-DC20-43D5-86D1-A87894523337}.Debug|x86.ActiveCfg = Debug|Any CPU
		{D70269D0-DC20-43D5-86D1-A87894523337}.Release|Any CPU.ActiveCfg = Release|Any CPU
		{D70269D0-DC20-43D5-86D1-A87894523337}.Release|Any CPU.Build.0 = Release|Any CPU
		{D70269D0-DC20-43D5-86D1-A87894523337}.Release|Mixed Platforms.ActiveCfg = Release|Any CPU
		{D70269D0-DC20-43D5-86D1-A87894523337}.Release|Mixed Platforms.Build.0 = Release|Any CPU
		{D70269D0-DC20-43D5-86D1-A87894523337}.Release|x64.ActiveCfg = Release|Any CPU
		{D70269D0-DC20-43D5-86D1-A87894523337}.Release|x86.ActiveCfg = Release|Any CPU
		{E9C048F5-8E21-4721-9B55-E6FF332B6C51}.Debug|Any CPU.ActiveCfg = Debug|x86
		{E9C048F5-8E21-4721-9B55-E6FF332B6C51}.Debug|Any CPU.Build.0 = Debug|x86
		{E9C048F5-8E21-4721-9B55-E6FF332B6C51}.Debug|Mixed Platforms.ActiveCfg = Debug|Any CPU
		{E9C048F5-8E21-4721-9B55-E6FF332B6C51}.Debug|Mixed Platforms.Build.0 = Debug|Any CPU
		{E9C048F5-8E21-4721-9B55-E6FF332B6C51}.Debug|x64.ActiveCfg = Debug|x86
		{E9C048F5-8E21-4721-9B55-E6FF332B6C51}.Debug|x86.ActiveCfg = Debug|x86
		{E9C048F5-8E21-4721-9B55-E6FF332B6C51}.Debug|x86.Build.0 = Debug|x86
		{E9C048F5-8E21-4721-9B55-E6FF332B6C51}.Release|Any CPU.ActiveCfg = Release|Any CPU
		{E9C048F5-8E21-4721-9B55-E6FF332B6C51}.Release|Any CPU.Build.0 = Release|Any CPU
		{E9C048F5-8E21-4721-9B55-E6FF332B6C51}.Release|Mixed Platforms.ActiveCfg = Release|Any CPU
		{E9C048F5-8E21-4721-9B55-E6FF332B6C51}.Release|Mixed Platforms.Build.0 = Release|Any CPU
		{E9C048F5-8E21-4721-9B55-E6FF332B6C51}.Release|x64.ActiveCfg = Release|x86
		{E9C048F5-8E21-4721-9B55-E6FF332B6C51}.Release|x86.ActiveCfg = Release|x86
		{E9C048F5-8E21-4721-9B55-E6FF332B6C51}.Release|x86.Build.0 = Release|x86
		{BAE70997-B37E-4FC6-A605-17967A89B7F9}.Debug|Any CPU.ActiveCfg = Debug|Any CPU
		{BAE70997-B37E-4FC6-A605-17967A89B7F9}.Debug|Any CPU.Build.0 = Debug|Any CPU
		{BAE70997-B37E-4FC6-A605-17967A89B7F9}.Debug|Mixed Platforms.ActiveCfg = Debug|Any CPU
		{BAE70997-B37E-4FC6-A605-17967A89B7F9}.Debug|Mixed Platforms.Build.0 = Debug|Any CPU
		{BAE70997-B37E-4FC6-A605-17967A89B7F9}.Debug|x64.ActiveCfg = Debug|x64
		{BAE70997-B37E-4FC6-A605-17967A89B7F9}.Debug|x64.Build.0 = Debug|x64
		{BAE70997-B37E-4FC6-A605-17967A89B7F9}.Debug|x86.ActiveCfg = Debug|x86
		{BAE70997-B37E-4FC6-A605-17967A89B7F9}.Debug|x86.Build.0 = Debug|x86
		{BAE70997-B37E-4FC6-A605-17967A89B7F9}.Release|Any CPU.ActiveCfg = Release|Any CPU
		{BAE70997-B37E-4FC6-A605-17967A89B7F9}.Release|Any CPU.Build.0 = Release|Any CPU
		{BAE70997-B37E-4FC6-A605-17967A89B7F9}.Release|Mixed Platforms.ActiveCfg = Release|x86
		{BAE70997-B37E-4FC6-A605-17967A89B7F9}.Release|Mixed Platforms.Build.0 = Release|x86
		{BAE70997-B37E-4FC6-A605-17967A89B7F9}.Release|x64.ActiveCfg = Release|x64
		{BAE70997-B37E-4FC6-A605-17967A89B7F9}.Release|x64.Build.0 = Release|x64
		{BAE70997-B37E-4FC6-A605-17967A89B7F9}.Release|x86.ActiveCfg = Release|x86
		{BAE70997-B37E-4FC6-A605-17967A89B7F9}.Release|x86.Build.0 = Release|x86
		{3292A9F4-72EE-4BA9-B1B5-81F5928EE327}.Debug|Any CPU.ActiveCfg = Debug|Any CPU
		{3292A9F4-72EE-4BA9-B1B5-81F5928EE327}.Debug|Any CPU.Build.0 = Debug|Any CPU
		{3292A9F4-72EE-4BA9-B1B5-81F5928EE327}.Debug|Mixed Platforms.ActiveCfg = Debug|Any CPU
		{3292A9F4-72EE-4BA9-B1B5-81F5928EE327}.Debug|Mixed Platforms.Build.0 = Debug|Any CPU
		{3292A9F4-72EE-4BA9-B1B5-81F5928EE327}.Debug|x64.ActiveCfg = Debug|x86
		{3292A9F4-72EE-4BA9-B1B5-81F5928EE327}.Debug|x86.ActiveCfg = Debug|x86
		{3292A9F4-72EE-4BA9-B1B5-81F5928EE327}.Debug|x86.Build.0 = Debug|x86
		{3292A9F4-72EE-4BA9-B1B5-81F5928EE327}.Release|Any CPU.ActiveCfg = Release|Any CPU
		{3292A9F4-72EE-4BA9-B1B5-81F5928EE327}.Release|Any CPU.Build.0 = Release|Any CPU
		{3292A9F4-72EE-4BA9-B1B5-81F5928EE327}.Release|Mixed Platforms.ActiveCfg = Release|Any CPU
		{3292A9F4-72EE-4BA9-B1B5-81F5928EE327}.Release|Mixed Platforms.Build.0 = Release|Any CPU
		{3292A9F4-72EE-4BA9-B1B5-81F5928EE327}.Release|x64.ActiveCfg = Release|x86
		{3292A9F4-72EE-4BA9-B1B5-81F5928EE327}.Release|x86.ActiveCfg = Release|x86
		{3292A9F4-72EE-4BA9-B1B5-81F5928EE327}.Release|x86.Build.0 = Release|x86
		{FF431EF5-47E4-43A2-B7A9-FF0939C688E5}.Debug|Any CPU.ActiveCfg = Debug|Any CPU
		{FF431EF5-47E4-43A2-B7A9-FF0939C688E5}.Debug|Any CPU.Build.0 = Debug|Any CPU
		{FF431EF5-47E4-43A2-B7A9-FF0939C688E5}.Debug|Mixed Platforms.ActiveCfg = Debug|Any CPU
		{FF431EF5-47E4-43A2-B7A9-FF0939C688E5}.Debug|Mixed Platforms.Build.0 = Debug|Any CPU
		{FF431EF5-47E4-43A2-B7A9-FF0939C688E5}.Debug|x64.ActiveCfg = Debug|Any CPU
		{FF431EF5-47E4-43A2-B7A9-FF0939C688E5}.Debug|x86.ActiveCfg = Debug|Any CPU
		{FF431EF5-47E4-43A2-B7A9-FF0939C688E5}.Release|Any CPU.ActiveCfg = Release|Any CPU
		{FF431EF5-47E4-43A2-B7A9-FF0939C688E5}.Release|Any CPU.Build.0 = Release|Any CPU
		{FF431EF5-47E4-43A2-B7A9-FF0939C688E5}.Release|Mixed Platforms.ActiveCfg = Release|Any CPU
		{FF431EF5-47E4-43A2-B7A9-FF0939C688E5}.Release|Mixed Platforms.Build.0 = Release|Any CPU
		{FF431EF5-47E4-43A2-B7A9-FF0939C688E5}.Release|x64.ActiveCfg = Release|Any CPU
		{FF431EF5-47E4-43A2-B7A9-FF0939C688E5}.Release|x86.ActiveCfg = Release|Any CPU
		{2AF3F14E-A183-44D4-A994-C8795A33E874}.Debug|Any CPU.ActiveCfg = Debug|Any CPU
		{2AF3F14E-A183-44D4-A994-C8795A33E874}.Debug|Any CPU.Build.0 = Debug|Any CPU
		{2AF3F14E-A183-44D4-A994-C8795A33E874}.Debug|Mixed Platforms.ActiveCfg = Debug|Any CPU
		{2AF3F14E-A183-44D4-A994-C8795A33E874}.Debug|Mixed Platforms.Build.0 = Debug|Any CPU
		{2AF3F14E-A183-44D4-A994-C8795A33E874}.Debug|x64.ActiveCfg = Debug|x86
		{2AF3F14E-A183-44D4-A994-C8795A33E874}.Debug|x86.ActiveCfg = Debug|x86
		{2AF3F14E-A183-44D4-A994-C8795A33E874}.Debug|x86.Build.0 = Debug|x86
		{2AF3F14E-A183-44D4-A994-C8795A33E874}.Release|Any CPU.ActiveCfg = Release|Any CPU
		{2AF3F14E-A183-44D4-A994-C8795A33E874}.Release|Any CPU.Build.0 = Release|Any CPU
		{2AF3F14E-A183-44D4-A994-C8795A33E874}.Release|Mixed Platforms.ActiveCfg = Release|Any CPU
		{2AF3F14E-A183-44D4-A994-C8795A33E874}.Release|Mixed Platforms.Build.0 = Release|Any CPU
		{2AF3F14E-A183-44D4-A994-C8795A33E874}.Release|x64.ActiveCfg = Release|x86
		{2AF3F14E-A183-44D4-A994-C8795A33E874}.Release|x86.ActiveCfg = Release|x86
		{2AF3F14E-A183-44D4-A994-C8795A33E874}.Release|x86.Build.0 = Release|x86
		{0D9542F5-0E0D-4F7E-BB6C-6803DAC2D838}.Debug|Any CPU.ActiveCfg = Debug|x86
		{0D9542F5-0E0D-4F7E-BB6C-6803DAC2D838}.Debug|Any CPU.Build.0 = Debug|x86
		{0D9542F5-0E0D-4F7E-BB6C-6803DAC2D838}.Debug|Mixed Platforms.ActiveCfg = Debug|Any CPU
		{0D9542F5-0E0D-4F7E-BB6C-6803DAC2D838}.Debug|Mixed Platforms.Build.0 = Debug|Any CPU
		{0D9542F5-0E0D-4F7E-BB6C-6803DAC2D838}.Debug|x64.ActiveCfg = Debug|x86
		{0D9542F5-0E0D-4F7E-BB6C-6803DAC2D838}.Debug|x86.ActiveCfg = Debug|x86
		{0D9542F5-0E0D-4F7E-BB6C-6803DAC2D838}.Debug|x86.Build.0 = Debug|x86
		{0D9542F5-0E0D-4F7E-BB6C-6803DAC2D838}.Release|Any CPU.ActiveCfg = Release|Any CPU
		{0D9542F5-0E0D-4F7E-BB6C-6803DAC2D838}.Release|Any CPU.Build.0 = Release|Any CPU
		{0D9542F5-0E0D-4F7E-BB6C-6803DAC2D838}.Release|Mixed Platforms.ActiveCfg = Release|Any CPU
		{0D9542F5-0E0D-4F7E-BB6C-6803DAC2D838}.Release|Mixed Platforms.Build.0 = Release|Any CPU
		{0D9542F5-0E0D-4F7E-BB6C-6803DAC2D838}.Release|x64.ActiveCfg = Release|x86
		{0D9542F5-0E0D-4F7E-BB6C-6803DAC2D838}.Release|x86.ActiveCfg = Release|x86
		{0D9542F5-0E0D-4F7E-BB6C-6803DAC2D838}.Release|x86.Build.0 = Release|x86
		{D21BFE21-20EB-48B8-BA66-9B7F639DFF95}.Debug|Any CPU.ActiveCfg = Debug|Any CPU
		{D21BFE21-20EB-48B8-BA66-9B7F639DFF95}.Debug|Any CPU.Build.0 = Debug|Any CPU
		{D21BFE21-20EB-48B8-BA66-9B7F639DFF95}.Debug|Mixed Platforms.ActiveCfg = Debug|Any CPU
		{D21BFE21-20EB-48B8-BA66-9B7F639DFF95}.Debug|Mixed Platforms.Build.0 = Debug|Any CPU
		{D21BFE21-20EB-48B8-BA66-9B7F639DFF95}.Debug|x64.ActiveCfg = Debug|x86
		{D21BFE21-20EB-48B8-BA66-9B7F639DFF95}.Debug|x86.ActiveCfg = Debug|x86
		{D21BFE21-20EB-48B8-BA66-9B7F639DFF95}.Debug|x86.Build.0 = Debug|x86
		{D21BFE21-20EB-48B8-BA66-9B7F639DFF95}.Release|Any CPU.ActiveCfg = Release|Any CPU
		{D21BFE21-20EB-48B8-BA66-9B7F639DFF95}.Release|Any CPU.Build.0 = Release|Any CPU
		{D21BFE21-20EB-48B8-BA66-9B7F639DFF95}.Release|Mixed Platforms.ActiveCfg = Release|x86
		{D21BFE21-20EB-48B8-BA66-9B7F639DFF95}.Release|Mixed Platforms.Build.0 = Release|x86
		{D21BFE21-20EB-48B8-BA66-9B7F639DFF95}.Release|x64.ActiveCfg = Release|x86
		{D21BFE21-20EB-48B8-BA66-9B7F639DFF95}.Release|x86.ActiveCfg = Release|x86
		{D21BFE21-20EB-48B8-BA66-9B7F639DFF95}.Release|x86.Build.0 = Release|x86
		{8C4BCD19-B00A-4C79-84F5-E474E7204FB7}.Debug|Any CPU.ActiveCfg = Debug|Any CPU
		{8C4BCD19-B00A-4C79-84F5-E474E7204FB7}.Debug|Any CPU.Build.0 = Debug|Any CPU
		{8C4BCD19-B00A-4C79-84F5-E474E7204FB7}.Debug|Mixed Platforms.ActiveCfg = Debug|Any CPU
		{8C4BCD19-B00A-4C79-84F5-E474E7204FB7}.Debug|Mixed Platforms.Build.0 = Debug|Any CPU
		{8C4BCD19-B00A-4C79-84F5-E474E7204FB7}.Debug|x64.ActiveCfg = Debug|x64
		{8C4BCD19-B00A-4C79-84F5-E474E7204FB7}.Debug|x64.Build.0 = Debug|x64
		{8C4BCD19-B00A-4C79-84F5-E474E7204FB7}.Debug|x86.ActiveCfg = Debug|x86
		{8C4BCD19-B00A-4C79-84F5-E474E7204FB7}.Debug|x86.Build.0 = Debug|x86
		{8C4BCD19-B00A-4C79-84F5-E474E7204FB7}.Release|Any CPU.ActiveCfg = Release|x64
		{8C4BCD19-B00A-4C79-84F5-E474E7204FB7}.Release|Mixed Platforms.ActiveCfg = Release|x64
		{8C4BCD19-B00A-4C79-84F5-E474E7204FB7}.Release|Mixed Platforms.Build.0 = Release|x64
		{8C4BCD19-B00A-4C79-84F5-E474E7204FB7}.Release|x64.ActiveCfg = Release|x64
		{8C4BCD19-B00A-4C79-84F5-E474E7204FB7}.Release|x64.Build.0 = Release|x64
		{8C4BCD19-B00A-4C79-84F5-E474E7204FB7}.Release|x86.ActiveCfg = Release|x86
		{8C4BCD19-B00A-4C79-84F5-E474E7204FB7}.Release|x86.Build.0 = Release|x86
		{DD71F98A-B510-4A5E-A77A-377CB0DE840F}.Debug|Any CPU.ActiveCfg = Debug|Any CPU
		{DD71F98A-B510-4A5E-A77A-377CB0DE840F}.Debug|Any CPU.Build.0 = Debug|Any CPU
		{DD71F98A-B510-4A5E-A77A-377CB0DE840F}.Debug|Mixed Platforms.ActiveCfg = Debug|Any CPU
		{DD71F98A-B510-4A5E-A77A-377CB0DE840F}.Debug|Mixed Platforms.Build.0 = Debug|Any CPU
		{DD71F98A-B510-4A5E-A77A-377CB0DE840F}.Debug|x64.ActiveCfg = Debug|Any CPU
		{DD71F98A-B510-4A5E-A77A-377CB0DE840F}.Debug|x86.ActiveCfg = Debug|Any CPU
		{DD71F98A-B510-4A5E-A77A-377CB0DE840F}.Release|Any CPU.ActiveCfg = Release|Any CPU
		{DD71F98A-B510-4A5E-A77A-377CB0DE840F}.Release|Any CPU.Build.0 = Release|Any CPU
		{DD71F98A-B510-4A5E-A77A-377CB0DE840F}.Release|Mixed Platforms.ActiveCfg = Release|Any CPU
		{DD71F98A-B510-4A5E-A77A-377CB0DE840F}.Release|Mixed Platforms.Build.0 = Release|Any CPU
		{DD71F98A-B510-4A5E-A77A-377CB0DE840F}.Release|x64.ActiveCfg = Release|Any CPU
		{DD71F98A-B510-4A5E-A77A-377CB0DE840F}.Release|x86.ActiveCfg = Release|Any CPU
		{DCCEEBA8-B0DE-4401-A8EC-54178C505B68}.Debug|Any CPU.ActiveCfg = Debug|Any CPU
		{DCCEEBA8-B0DE-4401-A8EC-54178C505B68}.Debug|Any CPU.Build.0 = Debug|Any CPU
		{DCCEEBA8-B0DE-4401-A8EC-54178C505B68}.Debug|Mixed Platforms.ActiveCfg = Debug|Any CPU
		{DCCEEBA8-B0DE-4401-A8EC-54178C505B68}.Debug|Mixed Platforms.Build.0 = Debug|Any CPU
		{DCCEEBA8-B0DE-4401-A8EC-54178C505B68}.Debug|x64.ActiveCfg = Debug|Any CPU
		{DCCEEBA8-B0DE-4401-A8EC-54178C505B68}.Debug|x86.ActiveCfg = Debug|Any CPU
		{DCCEEBA8-B0DE-4401-A8EC-54178C505B68}.Release|Any CPU.ActiveCfg = Release|Any CPU
		{DCCEEBA8-B0DE-4401-A8EC-54178C505B68}.Release|Any CPU.Build.0 = Release|Any CPU
		{DCCEEBA8-B0DE-4401-A8EC-54178C505B68}.Release|Mixed Platforms.ActiveCfg = Release|Any CPU
		{DCCEEBA8-B0DE-4401-A8EC-54178C505B68}.Release|Mixed Platforms.Build.0 = Release|Any CPU
		{DCCEEBA8-B0DE-4401-A8EC-54178C505B68}.Release|x64.ActiveCfg = Release|Any CPU
		{DCCEEBA8-B0DE-4401-A8EC-54178C505B68}.Release|x86.ActiveCfg = Release|Any CPU
	EndGlobalSection
	GlobalSection(SolutionProperties) = preSolution
		HideSolutionNode = FALSE
	EndGlobalSection
	GlobalSection(SubversionScc) = preSolution
		Svn-Managed = True
		Manager = AnkhSVN - Subversion Support for Visual Studio
	EndGlobalSection
EndGlobal
